
Microsoft Visual Studio Solution File, Format Version 12.00
# Visual Studio Version 17
VisualStudioVersion = 17.8.34330.188
MinimumVisualStudioVersion = 10.0.40219.1
Project("{FAE04EC0-301F-11D3-BF4B-00C04F79EFBC}") = "122_Tsygarin", "122_Tsygarin.csproj", "{EF8F9BF9-EA84-4E27-9681-B073B812129A}"
EndProject
Global
	GlobalSection(SolutionConfigurationPlatforms) = preSolution
		Debug|Any CPU = Debug|Any CPU
		Release|Any CPU = Release|Any CPU
	EndGlobalSection
	GlobalSection(ProjectConfigurationPlatforms) = postSolution
		{EF8F9BF9-EA84-4E27-9681-B073B812129A}.Debug|Any CPU.ActiveCfg = Debug|Any CPU
		{EF8F9BF9-EA84-4E27-9681-B073B812129A}.Debug|Any CPU.Build.0 = Debug|Any CPU
		{EF8F9BF9-EA84-4E27-9681-B073B812129A}.Release|Any CPU.ActiveCfg = Release|Any CPU
		{EF8F9BF9-EA84-4E27-9681-B073B812129A}.Release|Any CPU.Build.0 = Release|Any CPU
	EndGlobalSection
	GlobalSection(SolutionProperties) = preSolution
		HideSolutionNode = FALSE
	EndGlobalSection
	GlobalSection(ExtensibilityGlobals) = postSolution
		SolutionGuid = {9FF285CD-B03D-481E-91CD-1781E5391730}
	EndGlobalSection
EndGlobal
